// !$*UTF8*$!
{
	archiveVersion = 1;
	classes = {
	};
	objectVersion = 56;
	objects = {

/* Begin PBXBuildFile section */
		EA57DF802AFA5BA900BA8E8A /* LibrairyView.swift in Sources */ = {isa = PBXBuildFile; fileRef = EA57DF7F2AFA5BA900BA8E8A /* LibrairyView.swift */; };
		EA57DF822AFA5C5600BA8E8A /* LibrairyViewModel.swift in Sources */ = {isa = PBXBuildFile; fileRef = EA57DF812AFA5C5600BA8E8A /* LibrairyViewModel.swift */; };
		EA57DF842AFA5FAF00BA8E8A /* FBDataModel.swift in Sources */ = {isa = PBXBuildFile; fileRef = EA57DF832AFA5FAF00BA8E8A /* FBDataModel.swift */; };
		F15AF8802AFA3EAD00C6126A /* BestAppEverApp.swift in Sources */ = {isa = PBXBuildFile; fileRef = F15AF87F2AFA3EAD00C6126A /* BestAppEverApp.swift */; };
		F15AF8822AFA3EAD00C6126A /* ContentView.swift in Sources */ = {isa = PBXBuildFile; fileRef = F15AF8812AFA3EAD00C6126A /* ContentView.swift */; };
		F15AF8842AFA3EAF00C6126A /* Assets.xcassets in Resources */ = {isa = PBXBuildFile; fileRef = F15AF8832AFA3EAF00C6126A /* Assets.xcassets */; };
		F15AF8872AFA3EAF00C6126A /* Preview Assets.xcassets in Resources */ = {isa = PBXBuildFile; fileRef = F15AF8862AFA3EAF00C6126A /* Preview Assets.xcassets */; };
		F15AF8932AFA406600C6126A /* OCMainView.swift in Sources */ = {isa = PBXBuildFile; fileRef = F15AF8922AFA406600C6126A /* OCMainView.swift */; };
		F15AF8992AFA4DB700C6126A /* AppDataModel.swift in Sources */ = {isa = PBXBuildFile; fileRef = F15AF8982AFA4DB700C6126A /* AppDataModel.swift */; };
/* End PBXBuildFile section */

/* Begin PBXFileReference section */
		EA57DF7F2AFA5BA900BA8E8A /* LibrairyView.swift */ = {isa = PBXFileReference; lastKnownFileType = sourcecode.swift; path = LibrairyView.swift; sourceTree = "<group>"; };
		EA57DF812AFA5C5600BA8E8A /* LibrairyViewModel.swift */ = {isa = PBXFileReference; lastKnownFileType = sourcecode.swift; path = LibrairyViewModel.swift; sourceTree = "<group>"; };
		EA57DF832AFA5FAF00BA8E8A /* FBDataModel.swift */ = {isa = PBXFileReference; lastKnownFileType = sourcecode.swift; path = FBDataModel.swift; sourceTree = "<group>"; };
		F15AF87C2AFA3EAD00C6126A /* BestAppEver.app */ = {isa = PBXFileReference; explicitFileType = wrapper.application; includeInIndex = 0; path = BestAppEver.app; sourceTree = BUILT_PRODUCTS_DIR; };
		F15AF87F2AFA3EAD00C6126A /* BestAppEverApp.swift */ = {isa = PBXFileReference; lastKnownFileType = sourcecode.swift; path = BestAppEverApp.swift; sourceTree = "<group>"; };
		F15AF8812AFA3EAD00C6126A /* ContentView.swift */ = {isa = PBXFileReference; lastKnownFileType = sourcecode.swift; path = ContentView.swift; sourceTree = "<group>"; };
		F15AF8832AFA3EAF00C6126A /* Assets.xcassets */ = {isa = PBXFileReference; lastKnownFileType = folder.assetcatalog; path = Assets.xcassets; sourceTree = "<group>"; };
		F15AF8862AFA3EAF00C6126A /* Preview Assets.xcassets */ = {isa = PBXFileReference; lastKnownFileType = folder.assetcatalog; path = "Preview Assets.xcassets"; sourceTree = "<group>"; };
		F15AF8922AFA406600C6126A /* OCMainView.swift */ = {isa = PBXFileReference; lastKnownFileType = sourcecode.swift; path = OCMainView.swift; sourceTree = "<group>"; };
		F15AF8982AFA4DB700C6126A /* AppDataModel.swift */ = {isa = PBXFileReference; lastKnownFileType = sourcecode.swift; path = AppDataModel.swift; sourceTree = "<group>"; };
/* End PBXFileReference section */

/* Begin PBXFrameworksBuildPhase section */
		F15AF8792AFA3EAD00C6126A /* Frameworks */ = {
			isa = PBXFrameworksBuildPhase;
			buildActionMask = 2147483647;
			files = (
			);
			runOnlyForDeploymentPostprocessing = 0;
		};
/* End PBXFrameworksBuildPhase section */

/* Begin PBXGroup section */
		EA57DF7B2AFA401100BA8E8A /* ViewController */ = {
			isa = PBXGroup;
			children = (
			);
			path = ViewController;
			sourceTree = "<group>";
		};
		EA57DF7E2AFA5B7900BA8E8A /* LibrairyView */ = {
			isa = PBXGroup;
			children = (
				EA57DF7F2AFA5BA900BA8E8A /* LibrairyView.swift */,
				EA57DF812AFA5C5600BA8E8A /* LibrairyViewModel.swift */,
			);
			path = LibrairyView;
			sourceTree = "<group>";
		};
		F15AF8732AFA3EAD00C6126A = {
			isa = PBXGroup;
			children = (
				F15AF87E2AFA3EAD00C6126A /* BestAppEver */,
				F15AF87D2AFA3EAD00C6126A /* Products */,
			);
			sourceTree = "<group>";
		};
		F15AF87D2AFA3EAD00C6126A /* Products */ = {
			isa = PBXGroup;
			children = (
				F15AF87C2AFA3EAD00C6126A /* BestAppEver.app */,
			);
			name = Products;
			sourceTree = "<group>";
		};
		F15AF87E2AFA3EAD00C6126A /* BestAppEver */ = {
			isa = PBXGroup;
			children = (
				F15AF8962AFA4D2300C6126A /* ObjectCapture */,
				F15AF8902AFA3FA900C6126A /* Views */,
				EA57DF7B2AFA401100BA8E8A /* ViewController */,
				F15AF87F2AFA3EAD00C6126A /* BestAppEverApp.swift */,
				F15AF8832AFA3EAF00C6126A /* Assets.xcassets */,
				F15AF8852AFA3EAF00C6126A /* Preview Content */,
			);
			path = BestAppEver;
			sourceTree = "<group>";
		};
		F15AF8852AFA3EAF00C6126A /* Preview Content */ = {
			isa = PBXGroup;
			children = (
				F15AF8862AFA3EAF00C6126A /* Preview Assets.xcassets */,
			);
			path = "Preview Content";
			sourceTree = "<group>";
		};
		F15AF8902AFA3FA900C6126A /* Views */ = {
			isa = PBXGroup;
			children = (
				EA57DF7E2AFA5B7900BA8E8A /* LibrairyView */,
				F15AF8912AFA3FBF00C6126A /* ObjectCaptureViews */,
				F15AF8812AFA3EAD00C6126A /* ContentView.swift */,
			);
			path = Views;
			sourceTree = "<group>";
		};
		F15AF8912AFA3FBF00C6126A /* ObjectCaptureViews */ = {
			isa = PBXGroup;
			children = (
				F15AF8922AFA406600C6126A /* OCMainView.swift */,
			);
			path = ObjectCaptureViews;
			sourceTree = "<group>";
		};
		F15AF8962AFA4D2300C6126A /* ObjectCapture */ = {
			isa = PBXGroup;
			children = (
				F15AF8972AFA4D3100C6126A /* Models */,
			);
			path = ObjectCapture;
			sourceTree = "<group>";
		};
		F15AF8972AFA4D3100C6126A /* Models */ = {
			isa = PBXGroup;
			children = (
				F15AF8982AFA4DB700C6126A /* AppDataModel.swift */,
				EA57DF832AFA5FAF00BA8E8A /* FBDataModel.swift */,
			);
			path = Models;
			sourceTree = "<group>";
		};
/* End PBXGroup section */

/* Begin PBXNativeTarget section */
		F15AF87B2AFA3EAD00C6126A /* BestAppEver */ = {
			isa = PBXNativeTarget;
			buildConfigurationList = F15AF88A2AFA3EAF00C6126A /* Build configuration list for PBXNativeTarget "BestAppEver" */;
			buildPhases = (
				F15AF8782AFA3EAD00C6126A /* Sources */,
				F15AF8792AFA3EAD00C6126A /* Frameworks */,
				F15AF87A2AFA3EAD00C6126A /* Resources */,
			);
			buildRules = (
			);
			dependencies = (
			);
			name = BestAppEver;
			productName = BestAppEver;
			productReference = F15AF87C2AFA3EAD00C6126A /* BestAppEver.app */;
			productType = "com.apple.product-type.application";
		};
/* End PBXNativeTarget section */

/* Begin PBXProject section */
		F15AF8742AFA3EAD00C6126A /* Project object */ = {
			isa = PBXProject;
			attributes = {
				BuildIndependentTargetsInParallel = 1;
				LastSwiftUpdateCheck = 1500;
				LastUpgradeCheck = 1500;
				TargetAttributes = {
					F15AF87B2AFA3EAD00C6126A = {
						CreatedOnToolsVersion = 15.0.1;
					};
				};
			};
			buildConfigurationList = F15AF8772AFA3EAD00C6126A /* Build configuration list for PBXProject "BestAppEver" */;
			compatibilityVersion = "Xcode 14.0";
			developmentRegion = en;
			hasScannedForEncodings = 0;
			knownRegions = (
				en,
				Base,
			);
			mainGroup = F15AF8732AFA3EAD00C6126A;
			productRefGroup = F15AF87D2AFA3EAD00C6126A /* Products */;
			projectDirPath = "";
			projectRoot = "";
			targets = (
				F15AF87B2AFA3EAD00C6126A /* BestAppEver */,
			);
		};
/* End PBXProject section */

/* Begin PBXResourcesBuildPhase section */
		F15AF87A2AFA3EAD00C6126A /* Resources */ = {
			isa = PBXResourcesBuildPhase;
			buildActionMask = 2147483647;
			files = (
				F15AF8872AFA3EAF00C6126A /* Preview Assets.xcassets in Resources */,
				F15AF8842AFA3EAF00C6126A /* Assets.xcassets in Resources */,
			);
			runOnlyForDeploymentPostprocessing = 0;
		};
/* End PBXResourcesBuildPhase section */

/* Begin PBXSourcesBuildPhase section */
		F15AF8782AFA3EAD00C6126A /* Sources */ = {
			isa = PBXSourcesBuildPhase;
			buildActionMask = 2147483647;
			files = (
				F15AF8932AFA406600C6126A /* OCMainView.swift in Sources */,
				F15AF8822AFA3EAD00C6126A /* ContentView.swift in Sources */,
				EA57DF822AFA5C5600BA8E8A /* LibrairyViewModel.swift in Sources */,
				F15AF8802AFA3EAD00C6126A /* BestAppEverApp.swift in Sources */,
				EA57DF802AFA5BA900BA8E8A /* LibrairyView.swift in Sources */,
				F15AF8992AFA4DB700C6126A /* AppDataModel.swift in Sources */,
				EA57DF842AFA5FAF00BA8E8A /* FBDataModel.swift in Sources */,
			);
			runOnlyForDeploymentPostprocessing = 0;
		};
/* End PBXSourcesBuildPhase section */

/* Begin XCBuildConfiguration section */
		F15AF8882AFA3EAF00C6126A /* Debug */ = {
			isa = XCBuildConfiguration;
			buildSettings = {
				ALWAYS_SEARCH_USER_PATHS = NO;
				ASSETCATALOG_COMPILER_GENERATE_SWIFT_ASSET_SYMBOL_EXTENSIONS = YES;
				CLANG_ANALYZER_NONNULL = YES;
				CLANG_ANALYZER_NUMBER_OBJECT_CONVERSION = YES_AGGRESSIVE;
				CLANG_CXX_LANGUAGE_STANDARD = "gnu++20";
				CLANG_ENABLE_MODULES = YES;
				CLANG_ENABLE_OBJC_ARC = YES;
				CLANG_ENABLE_OBJC_WEAK = YES;
				CLANG_WARN_BLOCK_CAPTURE_AUTORELEASING = YES;
				CLANG_WARN_BOOL_CONVERSION = YES;
				CLANG_WARN_COMMA = YES;
				CLANG_WARN_CONSTANT_CONVERSION = YES;
				CLANG_WARN_DEPRECATED_OBJC_IMPLEMENTATIONS = YES;
				CLANG_WARN_DIRECT_OBJC_ISA_USAGE = YES_ERROR;
				CLANG_WARN_DOCUMENTATION_COMMENTS = YES;
				CLANG_WARN_EMPTY_BODY = YES;
				CLANG_WARN_ENUM_CONVERSION = YES;
				CLANG_WARN_INFINITE_RECURSION = YES;
				CLANG_WARN_INT_CONVERSION = YES;
				CLANG_WARN_NON_LITERAL_NULL_CONVERSION = YES;
				CLANG_WARN_OBJC_IMPLICIT_RETAIN_SELF = YES;
				CLANG_WARN_OBJC_LITERAL_CONVERSION = YES;
				CLANG_WARN_OBJC_ROOT_CLASS = YES_ERROR;
				CLANG_WARN_QUOTED_INCLUDE_IN_FRAMEWORK_HEADER = YES;
				CLANG_WARN_RANGE_LOOP_ANALYSIS = YES;
				CLANG_WARN_STRICT_PROTOTYPES = YES;
				CLANG_WARN_SUSPICIOUS_MOVE = YES;
				CLANG_WARN_UNGUARDED_AVAILABILITY = YES_AGGRESSIVE;
				CLANG_WARN_UNREACHABLE_CODE = YES;
				CLANG_WARN__DUPLICATE_METHOD_MATCH = YES;
				COPY_PHASE_STRIP = NO;
				DEBUG_INFORMATION_FORMAT = dwarf;
				ENABLE_STRICT_OBJC_MSGSEND = YES;
				ENABLE_TESTABILITY = YES;
				ENABLE_USER_SCRIPT_SANDBOXING = YES;
				GCC_C_LANGUAGE_STANDARD = gnu17;
				GCC_DYNAMIC_NO_PIC = NO;
				GCC_NO_COMMON_BLOCKS = YES;
				GCC_OPTIMIZATION_LEVEL = 0;
				GCC_PREPROCESSOR_DEFINITIONS = (
					"DEBUG=1",
					"$(inherited)",
				);
				GCC_WARN_64_TO_32_BIT_CONVERSION = YES;
				GCC_WARN_ABOUT_RETURN_TYPE = YES_ERROR;
				GCC_WARN_UNDECLARED_SELECTOR = YES;
				GCC_WARN_UNINITIALIZED_AUTOS = YES_AGGRESSIVE;
				GCC_WARN_UNUSED_FUNCTION = YES;
				GCC_WARN_UNUSED_VARIABLE = YES;
				IPHONEOS_DEPLOYMENT_TARGET = 17.0;
				LOCALIZATION_PREFERS_STRING_CATALOGS = YES;
				MTL_ENABLE_DEBUG_INFO = INCLUDE_SOURCE;
				MTL_FAST_MATH = YES;
				ONLY_ACTIVE_ARCH = YES;
				SDKROOT = iphoneos;
				SWIFT_ACTIVE_COMPILATION_CONDITIONS = "DEBUG $(inherited)";
				SWIFT_OPTIMIZATION_LEVEL = "-Onone";
			};
			name = Debug;
		};
		F15AF8892AFA3EAF00C6126A /* Release */ = {
			isa = XCBuildConfiguration;
			buildSettings = {
				ALWAYS_SEARCH_USER_PATHS = NO;
				ASSETCATALOG_COMPILER_GENERATE_SWIFT_ASSET_SYMBOL_EXTENSIONS = YES;
				CLANG_ANALYZER_NONNULL = YES;
				CLANG_ANALYZER_NUMBER_OBJECT_CONVERSION = YES_AGGRESSIVE;
				CLANG_CXX_LANGUAGE_STANDARD = "gnu++20";
				CLANG_ENABLE_MODULES = YES;
				CLANG_ENABLE_OBJC_ARC = YES;
				CLANG_ENABLE_OBJC_WEAK = YES;
				CLANG_WARN_BLOCK_CAPTURE_AUTORELEASING = YES;
				CLANG_WARN_BOOL_CONVERSION = YES;
				CLANG_WARN_COMMA = YES;
				CLANG_WARN_CONSTANT_CONVERSION = YES;
				CLANG_WARN_DEPRECATED_OBJC_IMPLEMENTATIONS = YES;
				CLANG_WARN_DIRECT_OBJC_ISA_USAGE = YES_ERROR;
				CLANG_WARN_DOCUMENTATION_COMMENTS = YES;
				CLANG_WARN_EMPTY_BODY = YES;
				CLANG_WARN_ENUM_CONVERSION = YES;
				CLANG_WARN_INFINITE_RECURSION = YES;
				CLANG_WARN_INT_CONVERSION = YES;
				CLANG_WARN_NON_LITERAL_NULL_CONVERSION = YES;
				CLANG_WARN_OBJC_IMPLICIT_RETAIN_SELF = YES;
				CLANG_WARN_OBJC_LITERAL_CONVERSION = YES;
				CLANG_WARN_OBJC_ROOT_CLASS = YES_ERROR;
				CLANG_WARN_QUOTED_INCLUDE_IN_FRAMEWORK_HEADER = YES;
				CLANG_WARN_RANGE_LOOP_ANALYSIS = YES;
				CLANG_WARN_STRICT_PROTOTYPES = YES;
				CLANG_WARN_SUSPICIOUS_MOVE = YES;
				CLANG_WARN_UNGUARDED_AVAILABILITY = YES_AGGRESSIVE;
				CLANG_WARN_UNREACHABLE_CODE = YES;
				CLANG_WARN__DUPLICATE_METHOD_MATCH = YES;
				COPY_PHASE_STRIP = NO;
				DEBUG_INFORMATION_FORMAT = "dwarf-with-dsym";
				ENABLE_NS_ASSERTIONS = NO;
				ENABLE_STRICT_OBJC_MSGSEND = YES;
				ENABLE_USER_SCRIPT_SANDBOXING = YES;
				GCC_C_LANGUAGE_STANDARD = gnu17;
				GCC_NO_COMMON_BLOCKS = YES;
				GCC_WARN_64_TO_32_BIT_CONVERSION = YES;
				GCC_WARN_ABOUT_RETURN_TYPE = YES_ERROR;
				GCC_WARN_UNDECLARED_SELECTOR = YES;
				GCC_WARN_UNINITIALIZED_AUTOS = YES_AGGRESSIVE;
				GCC_WARN_UNUSED_FUNCTION = YES;
				GCC_WARN_UNUSED_VARIABLE = YES;
				IPHONEOS_DEPLOYMENT_TARGET = 17.0;
				LOCALIZATION_PREFERS_STRING_CATALOGS = YES;
				MTL_ENABLE_DEBUG_INFO = NO;
				MTL_FAST_MATH = YES;
				SDKROOT = iphoneos;
				SWIFT_COMPILATION_MODE = wholemodule;
				VALIDATE_PRODUCT = YES;
			};
			name = Release;
		};
		F15AF88B2AFA3EAF00C6126A /* Debug */ = {
			isa = XCBuildConfiguration;
			buildSettings = {
				ASSETCATALOG_COMPILER_APPICON_NAME = AppIcon;
				ASSETCATALOG_COMPILER_GLOBAL_ACCENT_COLOR_NAME = AccentColor;
				CODE_SIGN_STYLE = Automatic;
				CURRENT_PROJECT_VERSION = 1;
				DEVELOPMENT_ASSET_PATHS = "\"BestAppEver/Preview Content\"";
				DEVELOPMENT_TEAM = "";
				ENABLE_PREVIEWS = YES;
				GENERATE_INFOPLIST_FILE = YES;
				INFOPLIST_KEY_NSCameraUsageDescription = "Hackaton need camera";
				INFOPLIST_KEY_UIApplicationSceneManifest_Generation = YES;
				INFOPLIST_KEY_UIApplicationSupportsIndirectInputEvents = YES;
				INFOPLIST_KEY_UILaunchScreen_Generation = YES;
				INFOPLIST_KEY_UISupportedInterfaceOrientations_iPad = "UIInterfaceOrientationPortrait UIInterfaceOrientationPortraitUpsideDown UIInterfaceOrientationLandscapeLeft UIInterfaceOrientationLandscapeRight";
				INFOPLIST_KEY_UISupportedInterfaceOrientations_iPhone = "UIInterfaceOrientationPortrait UIInterfaceOrientationLandscapeLeft UIInterfaceOrientationLandscapeRight";
				LD_RUNPATH_SEARCH_PATHS = (
					"$(inherited)",
					"@executable_path/Frameworks",
				);
				MARKETING_VERSION = 1.0;
				PRODUCT_BUNDLE_IDENTIFIER = be.HackDamon.BestAppEver;
				PRODUCT_NAME = "$(TARGET_NAME)";
				SWIFT_EMIT_LOC_STRINGS = YES;
				SWIFT_VERSION = 5.0;
				TARGETED_DEVICE_FAMILY = "1,2";
			};
			name = Debug;
		};
		F15AF88C2AFA3EAF00C6126A /* Release */ = {
			isa = XCBuildConfiguration;
			buildSettings = {
				ASSETCATALOG_COMPILER_APPICON_NAME = AppIcon;
				ASSETCATALOG_COMPILER_GLOBAL_ACCENT_COLOR_NAME = AccentColor;
				CODE_SIGN_STYLE = Automatic;
				CURRENT_PROJECT_VERSION = 1;
				DEVELOPMENT_ASSET_PATHS = "\"BestAppEver/Preview Content\"";
				DEVELOPMENT_TEAM = "";
				ENABLE_PREVIEWS = YES;
				GENERATE_INFOPLIST_FILE = YES;
				INFOPLIST_KEY_NSCameraUsageDescription = "Hackaton need camera";
				INFOPLIST_KEY_UIApplicationSceneManifest_Generation = YES;
				INFOPLIST_KEY_UIApplicationSupportsIndirectInputEvents = YES;
				INFOPLIST_KEY_UILaunchScreen_Generation = YES;
				INFOPLIST_KEY_UISupportedInterfaceOrientations_iPad = "UIInterfaceOrientationPortrait UIInterfaceOrientationPortraitUpsideDown UIInterfaceOrientationLandscapeLeft UIInterfaceOrientationLandscapeRight";
				INFOPLIST_KEY_UISupportedInterfaceOrientations_iPhone = "UIInterfaceOrientationPortrait UIInterfaceOrientationLandscapeLeft UIInterfaceOrientationLandscapeRight";
				LD_RUNPATH_SEARCH_PATHS = (
					"$(inherited)",
					"@executable_path/Frameworks",
				);
				MARKETING_VERSION = 1.0;
				PRODUCT_BUNDLE_IDENTIFIER = be.HackDamon.BestAppEver;
				PRODUCT_NAME = "$(TARGET_NAME)";
				SWIFT_EMIT_LOC_STRINGS = YES;
				SWIFT_VERSION = 5.0;
				TARGETED_DEVICE_FAMILY = "1,2";
			};
			name = Release;
		};
/* End XCBuildConfiguration section */

/* Begin XCConfigurationList section */
		F15AF8772AFA3EAD00C6126A /* Build configuration list for PBXProject "BestAppEver" */ = {
			isa = XCConfigurationList;
			buildConfigurations = (
				F15AF8882AFA3EAF00C6126A /* Debug */,
				F15AF8892AFA3EAF00C6126A /* Release */,
			);
			defaultConfigurationIsVisible = 0;
			defaultConfigurationName = Release;
		};
		F15AF88A2AFA3EAF00C6126A /* Build configuration list for PBXNativeTarget "BestAppEver" */ = {
			isa = XCConfigurationList;
			buildConfigurations = (
				F15AF88B2AFA3EAF00C6126A /* Debug */,
				F15AF88C2AFA3EAF00C6126A /* Release */,
			);
			defaultConfigurationIsVisible = 0;
			defaultConfigurationName = Release;
		};
/* End XCConfigurationList section */
	};
	rootObject = F15AF8742AFA3EAD00C6126A /* Project object */;
}
